// !$*UTF8*$!
{
	archiveVersion = 1;
	classes = {
	};
	objectVersion = 46;
	objects = {

/* Begin PBXBuildFile section */
		A6FC39721C294D8C00B12F07 /* main.m in Sources */ = {isa = PBXBuildFile; fileRef = A6FC39711C294D8C00B12F07 /* main.m */; };
		A6FC39751C294D8C00B12F07 /* AppDelegate.m in Sources */ = {isa = PBXBuildFile; fileRef = A6FC39741C294D8C00B12F07 /* AppDelegate.m */; };
		A6FC39781C294D8C00B12F07 /* ViewController.m in Sources */ = {isa = PBXBuildFile; fileRef = A6FC39771C294D8C00B12F07 /* ViewController.m */; };
		A6FC397B1C294D8C00B12F07 /* Main.storyboard in Resources */ = {isa = PBXBuildFile; fileRef = A6FC39791C294D8C00B12F07 /* Main.storyboard */; };
		A6FC397D1C294D8C00B12F07 /* Assets.xcassets in Resources */ = {isa = PBXBuildFile; fileRef = A6FC397C1C294D8C00B12F07 /* Assets.xcassets */; };
		A6FC39801C294D8C00B12F07 /* LaunchScreen.storyboard in Resources */ = {isa = PBXBuildFile; fileRef = A6FC397E1C294D8C00B12F07 /* LaunchScreen.storyboard */; };
/* End PBXBuildFile section */

/* Begin PBXFileReference section */
		A6FC396D1C294D8C00B12F07 /* GitDemo.app */ = {isa = PBXFileReference; explicitFileType = wrapper.application; includeInIndex = 0; path = GitDemo.app; sourceTree = BUILT_PRODUCTS_DIR; };
		A6FC39711C294D8C00B12F07 /* main.m */ = {isa = PBXFileReference; lastKnownFileType = sourcecode.c.objc; path = main.m; sourceTree = "<group>"; };
		A6FC39731C294D8C00B12F07 /* AppDelegate.h */ = {isa = PBXFileReference; lastKnownFileType = sourcecode.c.h; path = AppDelegate.h; sourceTree = "<group>"; };
		A6FC39741C294D8C00B12F07 /* AppDelegate.m */ = {isa = PBXFileReference; lastKnownFileType = sourcecode.c.objc; path = AppDelegate.m; sourceTree = "<group>"; };
		A6FC39761C294D8C00B12F07 /* ViewController.h */ = {isa = PBXFileReference; lastKnownFileType = sourcecode.c.h; path = ViewController.h; sourceTree = "<group>"; };
		A6FC39771C294D8C00B12F07 /* ViewController.m */ = {isa = PBXFileReference; lastKnownFileType = sourcecode.c.objc; path = ViewController.m; sourceTree = "<group>"; };
		A6FC397A1C294D8C00B12F07 /* Base */ = {isa = PBXFileReference; lastKnownFileType = file.storyboard; name = Base; path = Base.lproj/Main.storyboard; sourceTree = "<group>"; };
		A6FC397C1C294D8C00B12F07 /* Assets.xcassets */ = {isa = PBXFileReference; lastKnownFileType = folder.assetcatalog; path = Assets.xcassets; sourceTree = "<group>"; };
		A6FC397F1C294D8C00B12F07 /* Base */ = {isa = PBXFileReference; lastKnownFileType = file.storyboard; name = Base; path = Base.lproj/LaunchScreen.storyboard; sourceTree = "<group>"; };
		A6FC39811C294D8C00B12F07 /* Info.plist */ = {isa = PBXFileReference; lastKnownFileType = text.plist.xml; path = Info.plist; sourceTree = "<group>"; };
/* End PBXFileReference section */

/* Begin PBXFrameworksBuildPhase section */
		A6FC396A1C294D8C00B12F07 /* Frameworks */ = {
			isa = PBXFrameworksBuildPhase;
			buildActionMask = 2147483647;
			files = (
			);
			runOnlyForDeploymentPostprocessing = 0;
		};
/* End PBXFrameworksBuildPhase section */

/* Begin PBXGroup section */
		A6FC39641C294D8C00B12F07 = {
			isa = PBXGroup;
			children = (
				A6FC396F1C294D8C00B12F07 /* GitDemo */,
				A6FC396E1C294D8C00B12F07 /* Products */,
			);
			sourceTree = "<group>";
		};
		A6FC396E1C294D8C00B12F07 /* Products */ = {
			isa = PBXGroup;
			children = (
				A6FC396D1C294D8C00B12F07 /* GitDemo.app */,
			);
			name = Products;
			sourceTree = "<group>";
		};
		A6FC396F1C294D8C00B12F07 /* GitDemo */ = {
			isa = PBXGroup;
			children = (
				A6FC39731C294D8C00B12F07 /* AppDelegate.h */,
				A6FC39741C294D8C00B12F07 /* AppDelegate.m */,
				A6FC39761C294D8C00B12F07 /* ViewController.h */,
				A6FC39771C294D8C00B12F07 /* ViewController.m */,
				A6FC39791C294D8C00B12F07 /* Main.storyboard */,
				A6FC397C1C294D8C00B12F07 /* Assets.xcassets */,
				A6FC397E1C294D8C00B12F07 /* LaunchScreen.storyboard */,
				A6FC39811C294D8C00B12F07 /* Info.plist */,
				A6FC39701C294D8C00B12F07 /* Supporting Files */,
			);
			path = GitDemo;
			sourceTree = "<group>";
		};
		A6FC39701C294D8C00B12F07 /* Supporting Files */ = {
			isa = PBXGroup;
			children = (
				A6FC39711C294D8C00B12F07 /* main.m */,
			);
			name = "Supporting Files";
			sourceTree = "<group>";
		};
/* End PBXGroup section */

/* Begin PBXNativeTarget section */
		A6FC396C1C294D8C00B12F07 /* GitDemo */ = {
			isa = PBXNativeTarget;
			buildConfigurationList = A6FC39841C294D8C00B12F07 /* Build configuration list for PBXNativeTarget "GitDemo" */;
			buildPhases = (
				A6FC39691C294D8C00B12F07 /* Sources */,
				A6FC396A1C294D8C00B12F07 /* Frameworks */,
				A6FC396B1C294D8C00B12F07 /* Resources */,
			);
			buildRules = (
			);
			dependencies = (
			);
			name = GitDemo;
			productName = GitDemo;
			productReference = A6FC396D1C294D8C00B12F07 /* GitDemo.app */;
			productType = "com.apple.product-type.application";
		};
/* End PBXNativeTarget section */

/* Begin PBXProject section */
		A6FC39651C294D8C00B12F07 /* Project object */ = {
			isa = PBXProject;
			attributes = {
				LastUpgradeCheck = 0710;
				ORGANIZATIONNAME = "熊中福";
				TargetAttributes = {
					A6FC396C1C294D8C00B12F07 = {
						CreatedOnToolsVersion = 7.1;
						DevelopmentTeam = BKKK23RCQ8;
					};
				};
			};
			buildConfigurationList = A6FC39681C294D8C00B12F07 /* Build configuration list for PBXProject "GitDemo" */;
			compatibilityVersion = "Xcode 3.2";
			developmentRegion = English;
			hasScannedForEncodings = 0;
			knownRegions = (
				en,
				Base,
			);
			mainGroup = A6FC39641C294D8C00B12F07;
			productRefGroup = A6FC396E1C294D8C00B12F07 /* Products */;
			projectDirPath = "";
			projectRoot = "";
			targets = (
				A6FC396C1C294D8C00B12F07 /* GitDemo */,
			);
		};
/* End PBXProject section */

/* Begin PBXResourcesBuildPhase section */
		A6FC396B1C294D8C00B12F07 /* Resources */ = {
			isa = PBXResourcesBuildPhase;
			buildActionMask = 2147483647;
			files = (
				A6FC39801C294D8C00B12F07 /* LaunchScreen.storyboard in Resources */,
				A6FC397D1C294D8C00B12F07 /* Assets.xcassets in Resources */,
				A6FC397B1C294D8C00B12F07 /* Main.storyboard in Resources */,
			);
			runOnlyForDeploymentPostprocessing = 0;
		};
/* End PBXResourcesBuildPhase section */

/* Begin PBXSourcesBuildPhase section */
		A6FC39691C294D8C00B12F07 /* Sources */ = {
			isa = PBXSourcesBuildPhase;
			buildActionMask = 2147483647;
			files = (
				A6FC39781C294D8C00B12F07 /* ViewController.m in Sources */,
				A6FC39751C294D8C00B12F07 /* AppDelegate.m in Sources */,
				A6FC39721C294D8C00B12F07 /* main.m in Sources */,
			);
			runOnlyForDeploymentPostprocessing = 0;
		};
/* End PBXSourcesBuildPhase section */

/* Begin PBXVariantGroup section */
		A6FC39791C294D8C00B12F07 /* Main.storyboard */ = {
			isa = PBXVariantGroup;
			children = (
				A6FC397A1C294D8C00B12F07 /* Base */,
			);
			name = Main.storyboard;
			sourceTree = "<group>";
		};
		A6FC397E1C294D8C00B12F07 /* LaunchScreen.storyboard */ = {
			isa = PBXVariantGroup;
			children = (
				A6FC397F1C294D8C00B12F07 /* Base */,
			);
			name = LaunchScreen.storyboard;
			sourceTree = "<group>";
		};
/* End PBXVariantGroup section */

/* Begin XCBuildConfiguration section */
		A6FC39821C294D8C00B12F07 /* Debug */ = {
			isa = XCBuildConfiguration;
			buildSettings = {
				ALWAYS_SEARCH_USER_PATHS = NO;
				CLANG_CXX_LANGUAGE_STANDARD = "gnu++0x";
				CLANG_CXX_LIBRARY = "libc++";
				CLANG_ENABLE_MODULES = YES;
				CLANG_ENABLE_OBJC_ARC = YES;
				CLANG_WARN_BOOL_CONVERSION = YES;
				CLANG_WARN_CONSTANT_CONVERSION = YES;
				CLANG_WARN_DIRECT_OBJC_ISA_USAGE = YES_ERROR;
				CLANG_WARN_EMPTY_BODY = YES;
				CLANG_WARN_ENUM_CONVERSION = YES;
				CLANG_WARN_INT_CONVERSION = YES;
				CLANG_WARN_OBJC_ROOT_CLASS = YES_ERROR;
				CLANG_WARN_UNREACHABLE_CODE = YES;
				CLANG_WARN__DUPLICATE_METHOD_MATCH = YES;
				"CODE_SIGN_IDENTITY[sdk=iphoneos*]" = "iPhone Developer";
				COPY_PHASE_STRIP = NO;
				DEBUG_INFORMATION_FORMAT = dwarf;
				ENABLE_STRICT_OBJC_MSGSEND = YES;
				ENABLE_TESTABILITY = YES;
				GCC_C_LANGUAGE_STANDARD = gnu99;
				GCC_DYNAMIC_NO_PIC = NO;
				GCC_NO_COMMON_BLOCKS = YES;
				GCC_OPTIMIZATION_LEVEL = 0;
				GCC_PREPROCESSOR_DEFINITIONS = (
					"DEBUG=1",
					"$(inherited)",
				);
				GCC_WARN_64_TO_32_BIT_CONVERSION = YES;
				GCC_WARN_ABOUT_RETURN_TYPE = YES_ERROR;
				GCC_WARN_UNDECLARED_SELECTOR = YES;
				GCC_WARN_UNINITIALIZED_AUTOS = YES_AGGRESSIVE;
				GCC_WARN_UNUSED_FUNCTION = YES;
				GCC_WARN_UNUSED_VARIABLE = YES;
				IPHONEOS_DEPLOYMENT_TARGET = 9.1;
				MTL_ENABLE_DEBUG_INFO = YES;
				ONLY_ACTIVE_ARCH = YES;
				SDKROOT = iphoneos;
				TARGETED_DEVICE_FAMILY = "1,2";
			};
			name = Debug;
		};
		A6FC39831C294D8C00B12F07 /* Release */ = {
			isa = XCBuildConfiguration;
			buildSettings = {
				ALWAYS_SEARCH_USER_PATHS = NO;
				CLANG_CXX_LANGUAGE_STANDARD = "gnu++0x";
				CLANG_CXX_LIBRARY = "libc++";
				CLANG_ENABLE_MODULES = YES;
				CLANG_ENABLE_OBJC_ARC = YES;
				CLANG_WARN_BOOL_CONVERSION = YES;
				CLANG_WARN_CONSTANT_CONVERSION = YES;
				CLANG_WARN_DIRECT_OBJC_ISA_USAGE = YES_ERROR;
				CLANG_WARN_EMPTY_BODY = YES;
				CLANG_WARN_ENUM_CONVERSION = YES;
				CLANG_WARN_INT_CONVERSION = YES;
				CLANG_WARN_OBJC_ROOT_CLASS = YES_ERROR;
				CLANG_WARN_UNREACHABLE_CODE = YES;
				CLANG_WARN__DUPLICATE_METHOD_MATCH = YES;
				"CODE_SIGN_IDENTITY[sdk=iphoneos*]" = "iPhone Developer";
				COPY_PHASE_STRIP = NO;
				DEBUG_INFORMATION_FORMAT = "dwarf-with-dsym";
				ENABLE_NS_ASSERTIONS = NO;
				ENABLE_STRICT_OBJC_MSGSEND = YES;
				GCC_C_LANGUAGE_STANDARD = gnu99;
				GCC_NO_COMMON_BLOCKS = YES;
				GCC_WARN_64_TO_32_BIT_CONVERSION = YES;
				GCC_WARN_ABOUT_RETURN_TYPE = YES_ERROR;
				GCC_WARN_UNDECLARED_SELECTOR = YES;
				GCC_WARN_UNINITIALIZED_AUTOS = YES_AGGRESSIVE;
				GCC_WARN_UNUSED_FUNCTION = YES;
				GCC_WARN_UNUSED_VARIABLE = YES;
				IPHONEOS_DEPLOYMENT_TARGET = 9.1;
				MTL_ENABLE_DEBUG_INFO = NO;
				SDKROOT = iphoneos;
				TARGETED_DEVICE_FAMILY = "1,2";
				VALIDATE_PRODUCT = YES;
			};
			name = Release;
		};
		A6FC39851C294D8C00B12F07 /* Debug */ = {
			isa = XCBuildConfiguration;
			buildSettings = {
				ASSETCATALOG_COMPILER_APPICON_NAME = AppIcon;
				INFOPLIST_FILE = GitDemo/Info.plist;
				LD_RUNPATH_SEARCH_PATHS = "$(inherited) @executable_path/Frameworks";
				PRODUCT_BUNDLE_IDENTIFIER = com.1516.GitDemo;
				PRODUCT_NAME = "$(TARGET_NAME)";
			};
			name = Debug;
		};
		A6FC39861C294D8C00B12F07 /* Release */ = {
			isa = XCBuildConfiguration;
			buildSettings = {
				ASSETCATALOG_COMPILER_APPICON_NAME = AppIcon;
				INFOPLIST_FILE = GitDemo/Info.plist;
				LD_RUNPATH_SEARCH_PATHS = "$(inherited) @executable_path/Frameworks";
				PRODUCT_BUNDLE_IDENTIFIER = com.1516.GitDemo;
				PRODUCT_NAME = "$(TARGET_NAME)";
			};
			name = Release;
		};
/* End XCBuildConfiguration section */

/* Begin XCConfigurationList section */
		A6FC39681C294D8C00B12F07 /* Build configuration list for PBXProject "GitDemo" */ = {
			isa = XCConfigurationList;
			buildConfigurations = (
				A6FC39821C294D8C00B12F07 /* Debug */,
				A6FC39831C294D8C00B12F07 /* Release */,
			);
			defaultConfigurationIsVisible = 0;
			defaultConfigurationName = Release;
		};
		A6FC39841C294D8C00B12F07 /* Build configuration list for PBXNativeTarget "GitDemo" */ = {
			isa = XCConfigurationList;
			buildConfigurations = (
				A6FC39851C294D8C00B12F07 /* Debug */,
				A6FC39861C294D8C00B12F07 /* Release */,
			);
			defaultConfigurationIsVisible = 0;
		};
/* End XCConfigurationList section */
	};
	rootObject = A6FC39651C294D8C00B12F07 /* Project object */;
}
